{
  "version": 4,
  "terraform_version": "1.5.4",
  "serial": 1,
  "lineage": "af63ac7a-0735-5b3a-be47-36aa87584367",
  "outputs": {},
  "resources": [
    {
      "mode": "managed",
      "type": "aws_vpc",
      "name": "actions",
      "provider": "provider[\"registry.terraform.io/hashicorp/aws\"]",
      "instances": [
        {
          "schema_version": 1,
          "attributes": {
            "arn": "arn:aws:ec2:us-east-1:435677322796:vpc/vpc-0b2f79a6e372bd603",
            "assign_generated_ipv6_cidr_block": false,
            "cidr_block": "10.0.0.0/16",
            "default_network_acl_id": "acl-01c5ee8a5c366b7f7",
            "default_route_table_id": "rtb-0eafb700d9e9e6572",
            "default_security_group_id": "sg-00b0ac90419a8a7c4",
            "dhcp_options_id": "dopt-0cb49fda383504479",
            "enable_dns_hostnames": false,
            "enable_dns_support": true,
            "enable_network_address_usage_metrics": false,
            "id": "vpc-0b2f79a6e372bd603",
            "instance_tenancy": "default",
            "ipv4_ipam_pool_id": null,
            "ipv4_netmask_length": null,
            "ipv6_association_id": "",
            "ipv6_cidr_block": "",
            "ipv6_cidr_block_network_border_group": "",
            "ipv6_ipam_pool_id": "",
            "ipv6_netmask_length": 0,
            "main_route_table_id": "rtb-0eafb700d9e9e6572",
            "owner_id": "435677322796",
            "tags": {
              "Enviroment": "prod",
              "name": "donnettech",
              "team": "devops"
            },
            "tags_all": {
              "Enviroment": "prod",
              "name": "donnettech",
              "team": "devops"
            }
          },
          "sensitive_attributes": [],
          "private": "eyJzY2hlbWFfdmVyc2lvbiI6IjEifQ=="
        }
      ]
    }
  ],
  "check_results": null
}
